{
  "name": "UniVents",
  "lockfileVersion": 2,
  "requires": true,
  "packages": {
    "": {
      "dependencies": {
        "datatables.net": "^1.13.4",
        "datatables.net-dt": "^1.13.4",
        "jquery": "^3.6.4",
        "stimulus-datatables": "^1.0.6"
      }
    },
    "node_modules/@stimulus/core": {
      "version": "1.1.1",
      "resolved": "https://registry.npmjs.org/@stimulus/core/-/core-1.1.1.tgz",
      "integrity": "sha512-PVJv7IpuQx0MVPCBblXc6O2zbCmU8dlxXNH4bC9KK6LsvGaE+PCXXrXQfXUwAsse1/CmRu/iQG7Ov58himjiGg==",
      "dependencies": {
        "@stimulus/mutation-observers": "^1.1.1"
      }
    },
    "node_modules/@stimulus/multimap": {
      "version": "1.1.1",
      "resolved": "https://registry.npmjs.org/@stimulus/multimap/-/multimap-1.1.1.tgz",
      "integrity": "sha512-26R1fI3a8uUj0WlMmta4qcfIQGlagegdP4PTz6lz852q/dXlG6r+uPS/bx+H8GtfyS+OOXVr3SkZ0Zg0iRqRfQ=="
    },
    "node_modules/@stimulus/mutation-observers": {
      "version": "1.1.1",
      "resolved": "https://registry.npmjs.org/@stimulus/mutation-observers/-/mutation-observers-1.1.1.tgz",
      "integrity": "sha512-/zCnnw1KJlWO2mrx0yxYaRFZWMGnDMdOgSnI4hxDLxdWVuL2HMROU8FpHWVBLjKY3T9A+lGkcrmPGDHF3pfS9w==",
      "dependencies": {
        "@stimulus/multimap": "^1.1.1"
      }
    },
    "node_modules/@stimulus/webpack-helpers": {
      "version": "1.1.1",
      "resolved": "https://registry.npmjs.org/@stimulus/webpack-helpers/-/webpack-helpers-1.1.1.tgz",
      "integrity": "sha512-XOkqSw53N9072FLHvpLM25PIwy+ndkSSbnTtjKuyzsv8K5yfkFB2rv68jU1pzqYa9FZLcvZWP4yazC0V38dx9A=="
    },
    "node_modules/datatables.net": {
      "version": "1.13.4",
      "resolved": "https://registry.npmjs.org/datatables.net/-/datatables.net-1.13.4.tgz",
      "integrity": "sha512-yzhArTOB6tPO2QFKm1z3hA4vabtt2hRvgw8XLsT1xqEirinfGYqWDiWXlkTPTaJv2e7gG+Kf985sXkzBFlGrGQ==",
      "dependencies": {
        "jquery": ">=1.7"
      }
    },
    "node_modules/datatables.net-dt": {
      "version": "1.13.4",
      "resolved": "https://registry.npmjs.org/datatables.net-dt/-/datatables.net-dt-1.13.4.tgz",
      "integrity": "sha512-QAvuEej/qKSiaSmSeDQ36wWO72XzFGKkd0jdiqbp+2FHAAzIk+ffsqQAwylystMoBSiO0zlcdaqHoAPa5Dy7Pg==",
      "dependencies": {
        "datatables.net": ">=1.12.1",
        "jquery": ">=1.7"
      }
    },
    "node_modules/jquery": {
      "version": "3.6.4",
      "resolved": "https://registry.npmjs.org/jquery/-/jquery-3.6.4.tgz",
      "integrity": "sha512-v28EW9DWDFpzcD9O5iyJXg3R3+q+mET5JhnjJzQUZMHOv67bpSIHq81GEYpPNZHG+XXHsfSme3nxp/hndKEcsQ=="
    },
    "node_modules/stimulus": {
      "version": "1.1.1",
      "resolved": "https://registry.npmjs.org/stimulus/-/stimulus-1.1.1.tgz",
      "integrity": "sha512-R0mBqKp48YnRDZOxZ8hiOH4Ilph3Yj78CIFTBkCwyHs4iGCpe7xlEdQ7cjIxb+7qVCSxFKgxO+mAQbsNgt/5XQ==",
      "dependencies": {
        "@stimulus/core": "^1.1.1",
        "@stimulus/webpack-helpers": "^1.1.1"
      }
    },
    "node_modules/stimulus-datatables": {
      "version": "1.0.6",
      "resolved": "https://registry.npmjs.org/stimulus-datatables/-/stimulus-datatables-1.0.6.tgz",
      "integrity": "sha512-802NmQ7oK7YXC0zwvAbuI8tnGYPe8JguFyPHtcmLow8hlz6E7YP+jY8PVSXBEuVEI+YBOcpV0w5cWZ1gD35xFA==",
      "dependencies": {
        "datatables.net": "^1.10.20",
        "stimulus": "^1.1.1"
      }
    }
  },
  "dependencies": {
    "@stimulus/core": {
      "version": "1.1.1",
      "resolved": "https://registry.npmjs.org/@stimulus/core/-/core-1.1.1.tgz",
      "integrity": "sha512-PVJv7IpuQx0MVPCBblXc6O2zbCmU8dlxXNH4bC9KK6LsvGaE+PCXXrXQfXUwAsse1/CmRu/iQG7Ov58himjiGg==",
      "requires": {
        "@stimulus/mutation-observers": "^1.1.1"
      }
    },
    "@stimulus/multimap": {
      "version": "1.1.1",
      "resolved": "https://registry.npmjs.org/@stimulus/multimap/-/multimap-1.1.1.tgz",
      "integrity": "sha512-26R1fI3a8uUj0WlMmta4qcfIQGlagegdP4PTz6lz852q/dXlG6r+uPS/bx+H8GtfyS+OOXVr3SkZ0Zg0iRqRfQ=="
    },
    "@stimulus/mutation-observers": {
      "version": "1.1.1",
      "resolved": "https://registry.npmjs.org/@stimulus/mutation-observers/-/mutation-observers-1.1.1.tgz",
      "integrity": "sha512-/zCnnw1KJlWO2mrx0yxYaRFZWMGnDMdOgSnI4hxDLxdWVuL2HMROU8FpHWVBLjKY3T9A+lGkcrmPGDHF3pfS9w==",
      "requires": {
        "@stimulus/multimap": "^1.1.1"
      }
    },
    "@stimulus/webpack-helpers": {
      "version": "1.1.1",
      "resolved": "https://registry.npmjs.org/@stimulus/webpack-helpers/-/webpack-helpers-1.1.1.tgz",
      "integrity": "sha512-XOkqSw53N9072FLHvpLM25PIwy+ndkSSbnTtjKuyzsv8K5yfkFB2rv68jU1pzqYa9FZLcvZWP4yazC0V38dx9A=="
    },
    "datatables.net": {
      "version": "1.13.4",
      "resolved": "https://registry.npmjs.org/datatables.net/-/datatables.net-1.13.4.tgz",
      "integrity": "sha512-yzhArTOB6tPO2QFKm1z3hA4vabtt2hRvgw8XLsT1xqEirinfGYqWDiWXlkTPTaJv2e7gG+Kf985sXkzBFlGrGQ==",
      "requires": {
        "jquery": ">=1.7"
      }
    },
    "datatables.net-dt": {
      "version": "1.13.4",
      "resolved": "https://registry.npmjs.org/datatables.net-dt/-/datatables.net-dt-1.13.4.tgz",
      "integrity": "sha512-QAvuEej/qKSiaSmSeDQ36wWO72XzFGKkd0jdiqbp+2FHAAzIk+ffsqQAwylystMoBSiO0zlcdaqHoAPa5Dy7Pg==",
      "requires": {
        "datatables.net": ">=1.12.1",
        "jquery": ">=1.7"
      }
    },
    "jquery": {
      "version": "3.6.4",
      "resolved": "https://registry.npmjs.org/jquery/-/jquery-3.6.4.tgz",
      "integrity": "sha512-v28EW9DWDFpzcD9O5iyJXg3R3+q+mET5JhnjJzQUZMHOv67bpSIHq81GEYpPNZHG+XXHsfSme3nxp/hndKEcsQ=="
    },
    "stimulus": {
      "version": "1.1.1",
      "resolved": "https://registry.npmjs.org/stimulus/-/stimulus-1.1.1.tgz",
      "integrity": "sha512-R0mBqKp48YnRDZOxZ8hiOH4Ilph3Yj78CIFTBkCwyHs4iGCpe7xlEdQ7cjIxb+7qVCSxFKgxO+mAQbsNgt/5XQ==",
      "requires": {
        "@stimulus/core": "^1.1.1",
        "@stimulus/webpack-helpers": "^1.1.1"
      }
    },
    "stimulus-datatables": {
      "version": "1.0.6",
      "resolved": "https://registry.npmjs.org/stimulus-datatables/-/stimulus-datatables-1.0.6.tgz",
      "integrity": "sha512-802NmQ7oK7YXC0zwvAbuI8tnGYPe8JguFyPHtcmLow8hlz6E7YP+jY8PVSXBEuVEI+YBOcpV0w5cWZ1gD35xFA==",
      "requires": {
        "datatables.net": "^1.10.20",
        "stimulus": "^1.1.1"
      }
    }
  }
}
