# THIS IS AN AUTOGENERATED FILE. DO NOT EDIT THIS FILE DIRECTLY.
# yarn lockfile v1


"@stimulus/core@^1.1.1":
  "integrity" "sha512-PVJv7IpuQx0MVPCBblXc6O2zbCmU8dlxXNH4bC9KK6LsvGaE+PCXXrXQfXUwAsse1/CmRu/iQG7Ov58himjiGg=="
  "resolved" "https://registry.npmjs.org/@stimulus/core/-/core-1.1.1.tgz"
  "version" "1.1.1"
  dependencies:
    "@stimulus/mutation-observers" "^1.1.1"

"@stimulus/multimap@^1.1.1":
  "integrity" "sha512-26R1fI3a8uUj0WlMmta4qcfIQGlagegdP4PTz6lz852q/dXlG6r+uPS/bx+H8GtfyS+OOXVr3SkZ0Zg0iRqRfQ=="
  "resolved" "https://registry.npmjs.org/@stimulus/multimap/-/multimap-1.1.1.tgz"
  "version" "1.1.1"

"@stimulus/mutation-observers@^1.1.1":
  "integrity" "sha512-/zCnnw1KJlWO2mrx0yxYaRFZWMGnDMdOgSnI4hxDLxdWVuL2HMROU8FpHWVBLjKY3T9A+lGkcrmPGDHF3pfS9w=="
  "resolved" "https://registry.npmjs.org/@stimulus/mutation-observers/-/mutation-observers-1.1.1.tgz"
  "version" "1.1.1"
  dependencies:
    "@stimulus/multimap" "^1.1.1"

"@stimulus/webpack-helpers@^1.1.1":
  "integrity" "sha512-XOkqSw53N9072FLHvpLM25PIwy+ndkSSbnTtjKuyzsv8K5yfkFB2rv68jU1pzqYa9FZLcvZWP4yazC0V38dx9A=="
  "resolved" "https://registry.npmjs.org/@stimulus/webpack-helpers/-/webpack-helpers-1.1.1.tgz"
  "version" "1.1.1"

"datatables.net-dt@^1.13.4":
  "integrity" "sha512-QAvuEej/qKSiaSmSeDQ36wWO72XzFGKkd0jdiqbp+2FHAAzIk+ffsqQAwylystMoBSiO0zlcdaqHoAPa5Dy7Pg=="
  "resolved" "https://registry.npmjs.org/datatables.net-dt/-/datatables.net-dt-1.13.4.tgz"
  "version" "1.13.4"
  dependencies:
    "datatables.net" ">=1.12.1"
    "jquery" ">=1.7"

"datatables.net@^1.10.20", "datatables.net@^1.13.4", "datatables.net@>=1.12.1":
  "integrity" "sha512-yzhArTOB6tPO2QFKm1z3hA4vabtt2hRvgw8XLsT1xqEirinfGYqWDiWXlkTPTaJv2e7gG+Kf985sXkzBFlGrGQ=="
  "resolved" "https://registry.npmjs.org/datatables.net/-/datatables.net-1.13.4.tgz"
  "version" "1.13.4"
  dependencies:
    "jquery" ">=1.7"

"jquery@^3.6.4", "jquery@>=1.7":
  "integrity" "sha512-v28EW9DWDFpzcD9O5iyJXg3R3+q+mET5JhnjJzQUZMHOv67bpSIHq81GEYpPNZHG+XXHsfSme3nxp/hndKEcsQ=="
  "resolved" "https://registry.npmjs.org/jquery/-/jquery-3.6.4.tgz"
  "version" "3.6.4"

"stimulus-datatables@^1.0.6":
  "integrity" "sha512-802NmQ7oK7YXC0zwvAbuI8tnGYPe8JguFyPHtcmLow8hlz6E7YP+jY8PVSXBEuVEI+YBOcpV0w5cWZ1gD35xFA=="
  "resolved" "https://registry.npmjs.org/stimulus-datatables/-/stimulus-datatables-1.0.6.tgz"
  "version" "1.0.6"
  dependencies:
    "datatables.net" "^1.10.20"
    "stimulus" "^1.1.1"

"stimulus@^1.1.1":
  "integrity" "sha512-R0mBqKp48YnRDZOxZ8hiOH4Ilph3Yj78CIFTBkCwyHs4iGCpe7xlEdQ7cjIxb+7qVCSxFKgxO+mAQbsNgt/5XQ=="
  "resolved" "https://registry.npmjs.org/stimulus/-/stimulus-1.1.1.tgz"
  "version" "1.1.1"
  dependencies:
    "@stimulus/core" "^1.1.1"
    "@stimulus/webpack-helpers" "^1.1.1"
